
Microsoft Visual Studio Solution File, Format Version 12.00
# Visual Studio 15
VisualStudioVersion = 15.0.26228.9
MinimumVisualStudioVersion = 10.0.40219.1
Project("{8BC9CEB8-8B4A-11D0-8D11-00A0C91BC942}") = "compiler", "compiler\compiler.vcxproj", "{07F2AA9C-F4D4-4802-A38C-67D6C6316FE2}"
	ProjectSection(ProjectDependencies) = postProject
		{CE56C110-CB05-4593-97FA-A664D6B67265} = {CE56C110-CB05-4593-97FA-A664D6B67265}
		{A143C01A-CA8F-4A48-BA9A-254B81495FF2} = {A143C01A-CA8F-4A48-BA9A-254B81495FF2}
		{D78ECD1A-788D-4CE0-9ADB-830902A20840} = {D78ECD1A-788D-4CE0-9ADB-830902A20840}
		{01B04136-057A-4BD1-86A7-6779D1CC8B09} = {01B04136-057A-4BD1-86A7-6779D1CC8B09}
		{7477A03F-BBB8-48D1-9E06-F9F25A579994} = {7477A03F-BBB8-48D1-9E06-F9F25A579994}
		{CE8DE27D-3B13-4E50-A04E-301585F9F731} = {CE8DE27D-3B13-4E50-A04E-301585F9F731}
		{CEF6E988-1FFD-4FD3-B188-DF3EE12234EC} = {CEF6E988-1FFD-4FD3-B188-DF3EE12234EC}
		{32E61B8C-4433-4969-9E41-A53494A53C1B} = {32E61B8C-4433-4969-9E41-A53494A53C1B}
		{F550AFA5-4098-46FE-9E84-0AD9698DD25E} = {F550AFA5-4098-46FE-9E84-0AD9698DD25E}
		{879B25C9-B0B5-4928-B84B-5D212802BD15} = {879B25C9-B0B5-4928-B84B-5D212802BD15}
		{372449DC-8422-4052-9F83-5CED3B143466} = {372449DC-8422-4052-9F83-5CED3B143466}
		{A53AF8ED-66DD-4561-9A77-D2D5CE3A5C15} = {A53AF8ED-66DD-4561-9A77-D2D5CE3A5C15}
		{B49BF2F4-1622-45DA-B497-69329EA37AD0} = {B49BF2F4-1622-45DA-B497-69329EA37AD0}
		{D1DBA7F7-0FA3-407B-8EE5-DE5B44C21C58} = {D1DBA7F7-0FA3-407B-8EE5-DE5B44C21C58}
	EndProjectSection
EndProject
Project("{8BC9CEB8-8B4A-11D0-8D11-00A0C91BC942}") = "util", "util\util.vcxproj", "{879B25C9-B0B5-4928-B84B-5D212802BD15}"
EndProject
Project("{8BC9CEB8-8B4A-11D0-8D11-00A0C91BC942}") = "codedom", "codedom\codedom.vcxproj", "{CE8DE27D-3B13-4E50-A04E-301585F9F731}"
	ProjectSection(ProjectDependencies) = postProject
		{879B25C9-B0B5-4928-B84B-5D212802BD15} = {879B25C9-B0B5-4928-B84B-5D212802BD15}
	EndProjectSection
EndProject
Project("{8BC9CEB8-8B4A-11D0-8D11-00A0C91BC942}") = "parsing", "parsing\parsing.vcxproj", "{01B04136-057A-4BD1-86A7-6779D1CC8B09}"
	ProjectSection(ProjectDependencies) = postProject
		{CE8DE27D-3B13-4E50-A04E-301585F9F731} = {CE8DE27D-3B13-4E50-A04E-301585F9F731}
		{879B25C9-B0B5-4928-B84B-5D212802BD15} = {879B25C9-B0B5-4928-B84B-5D212802BD15}
	EndProjectSection
EndProject
Project("{8BC9CEB8-8B4A-11D0-8D11-00A0C91BC942}") = "code", "code\code.vcxproj", "{7477A03F-BBB8-48D1-9E06-F9F25A579994}"
	ProjectSection(ProjectDependencies) = postProject
		{01B04136-057A-4BD1-86A7-6779D1CC8B09} = {01B04136-057A-4BD1-86A7-6779D1CC8B09}
		{CE8DE27D-3B13-4E50-A04E-301585F9F731} = {CE8DE27D-3B13-4E50-A04E-301585F9F731}
		{879B25C9-B0B5-4928-B84B-5D212802BD15} = {879B25C9-B0B5-4928-B84B-5D212802BD15}
	EndProjectSection
EndProject
Project("{8BC9CEB8-8B4A-11D0-8D11-00A0C91BC942}") = "syntax", "syntax\syntax.vcxproj", "{372449DC-8422-4052-9F83-5CED3B143466}"
	ProjectSection(ProjectDependencies) = postProject
		{01B04136-057A-4BD1-86A7-6779D1CC8B09} = {01B04136-057A-4BD1-86A7-6779D1CC8B09}
		{7477A03F-BBB8-48D1-9E06-F9F25A579994} = {7477A03F-BBB8-48D1-9E06-F9F25A579994}
		{CE8DE27D-3B13-4E50-A04E-301585F9F731} = {CE8DE27D-3B13-4E50-A04E-301585F9F731}
		{879B25C9-B0B5-4928-B84B-5D212802BD15} = {879B25C9-B0B5-4928-B84B-5D212802BD15}
	EndProjectSection
EndProject
Project("{8BC9CEB8-8B4A-11D0-8D11-00A0C91BC942}") = "generator", "generator\generator.vcxproj", "{D1DBA7F7-0FA3-407B-8EE5-DE5B44C21C58}"
	ProjectSection(ProjectDependencies) = postProject
		{01B04136-057A-4BD1-86A7-6779D1CC8B09} = {01B04136-057A-4BD1-86A7-6779D1CC8B09}
		{7477A03F-BBB8-48D1-9E06-F9F25A579994} = {7477A03F-BBB8-48D1-9E06-F9F25A579994}
		{CE8DE27D-3B13-4E50-A04E-301585F9F731} = {CE8DE27D-3B13-4E50-A04E-301585F9F731}
		{879B25C9-B0B5-4928-B84B-5D212802BD15} = {879B25C9-B0B5-4928-B84B-5D212802BD15}
		{372449DC-8422-4052-9F83-5CED3B143466} = {372449DC-8422-4052-9F83-5CED3B143466}
	EndProjectSection
EndProject
Project("{8BC9CEB8-8B4A-11D0-8D11-00A0C91BC942}") = "unicode", "unicode\unicode.vcxproj", "{A53AF8ED-66DD-4561-9A77-D2D5CE3A5C15}"
	ProjectSection(ProjectDependencies) = postProject
		{01B04136-057A-4BD1-86A7-6779D1CC8B09} = {01B04136-057A-4BD1-86A7-6779D1CC8B09}
		{7477A03F-BBB8-48D1-9E06-F9F25A579994} = {7477A03F-BBB8-48D1-9E06-F9F25A579994}
		{CE8DE27D-3B13-4E50-A04E-301585F9F731} = {CE8DE27D-3B13-4E50-A04E-301585F9F731}
		{32E61B8C-4433-4969-9E41-A53494A53C1B} = {32E61B8C-4433-4969-9E41-A53494A53C1B}
		{879B25C9-B0B5-4928-B84B-5D212802BD15} = {879B25C9-B0B5-4928-B84B-5D212802BD15}
		{372449DC-8422-4052-9F83-5CED3B143466} = {372449DC-8422-4052-9F83-5CED3B143466}
	EndProjectSection
EndProject
Project("{8BC9CEB8-8B4A-11D0-8D11-00A0C91BC942}") = "xml", "xml\xml.vcxproj", "{32E61B8C-4433-4969-9E41-A53494A53C1B}"
	ProjectSection(ProjectDependencies) = postProject
		{01B04136-057A-4BD1-86A7-6779D1CC8B09} = {01B04136-057A-4BD1-86A7-6779D1CC8B09}
		{CE8DE27D-3B13-4E50-A04E-301585F9F731} = {CE8DE27D-3B13-4E50-A04E-301585F9F731}
		{879B25C9-B0B5-4928-B84B-5D212802BD15} = {879B25C9-B0B5-4928-B84B-5D212802BD15}
	EndProjectSection
EndProject
Project("{8BC9CEB8-8B4A-11D0-8D11-00A0C91BC942}") = "rt", "rt\rt.vcxproj", "{CEF6E988-1FFD-4FD3-B188-DF3EE12234EC}"
EndProject
Project("{8BC9CEB8-8B4A-11D0-8D11-00A0C91BC942}") = "ast", "ast\ast.vcxproj", "{CE56C110-CB05-4593-97FA-A664D6B67265}"
	ProjectSection(ProjectDependencies) = postProject
		{01B04136-057A-4BD1-86A7-6779D1CC8B09} = {01B04136-057A-4BD1-86A7-6779D1CC8B09}
		{CE8DE27D-3B13-4E50-A04E-301585F9F731} = {CE8DE27D-3B13-4E50-A04E-301585F9F731}
		{879B25C9-B0B5-4928-B84B-5D212802BD15} = {879B25C9-B0B5-4928-B84B-5D212802BD15}
	EndProjectSection
EndProject
Project("{8BC9CEB8-8B4A-11D0-8D11-00A0C91BC942}") = "symbols", "symbols\symbols.vcxproj", "{B49BF2F4-1622-45DA-B497-69329EA37AD0}"
	ProjectSection(ProjectDependencies) = postProject
		{CE56C110-CB05-4593-97FA-A664D6B67265} = {CE56C110-CB05-4593-97FA-A664D6B67265}
		{A143C01A-CA8F-4A48-BA9A-254B81495FF2} = {A143C01A-CA8F-4A48-BA9A-254B81495FF2}
		{01B04136-057A-4BD1-86A7-6779D1CC8B09} = {01B04136-057A-4BD1-86A7-6779D1CC8B09}
		{CE8DE27D-3B13-4E50-A04E-301585F9F731} = {CE8DE27D-3B13-4E50-A04E-301585F9F731}
		{F5CA3B98-CC3A-4924-BE9A-F5E507305C7B} = {F5CA3B98-CC3A-4924-BE9A-F5E507305C7B}
		{879B25C9-B0B5-4928-B84B-5D212802BD15} = {879B25C9-B0B5-4928-B84B-5D212802BD15}
	EndProjectSection
EndProject
Project("{8BC9CEB8-8B4A-11D0-8D11-00A0C91BC942}") = "parser", "parser\parser.vcxproj", "{A143C01A-CA8F-4A48-BA9A-254B81495FF2}"
	ProjectSection(ProjectDependencies) = postProject
		{CE56C110-CB05-4593-97FA-A664D6B67265} = {CE56C110-CB05-4593-97FA-A664D6B67265}
		{01B04136-057A-4BD1-86A7-6779D1CC8B09} = {01B04136-057A-4BD1-86A7-6779D1CC8B09}
		{CE8DE27D-3B13-4E50-A04E-301585F9F731} = {CE8DE27D-3B13-4E50-A04E-301585F9F731}
		{879B25C9-B0B5-4928-B84B-5D212802BD15} = {879B25C9-B0B5-4928-B84B-5D212802BD15}
	EndProjectSection
EndProject
Project("{8BC9CEB8-8B4A-11D0-8D11-00A0C91BC942}") = "build", "build\build.vcxproj", "{D78ECD1A-788D-4CE0-9ADB-830902A20840}"
	ProjectSection(ProjectDependencies) = postProject
		{CE56C110-CB05-4593-97FA-A664D6B67265} = {CE56C110-CB05-4593-97FA-A664D6B67265}
		{A143C01A-CA8F-4A48-BA9A-254B81495FF2} = {A143C01A-CA8F-4A48-BA9A-254B81495FF2}
		{01B04136-057A-4BD1-86A7-6779D1CC8B09} = {01B04136-057A-4BD1-86A7-6779D1CC8B09}
		{CE8DE27D-3B13-4E50-A04E-301585F9F731} = {CE8DE27D-3B13-4E50-A04E-301585F9F731}
		{F5CA3B98-CC3A-4924-BE9A-F5E507305C7B} = {F5CA3B98-CC3A-4924-BE9A-F5E507305C7B}
		{F550AFA5-4098-46FE-9E84-0AD9698DD25E} = {F550AFA5-4098-46FE-9E84-0AD9698DD25E}
		{879B25C9-B0B5-4928-B84B-5D212802BD15} = {879B25C9-B0B5-4928-B84B-5D212802BD15}
		{B49BF2F4-1622-45DA-B497-69329EA37AD0} = {B49BF2F4-1622-45DA-B497-69329EA37AD0}
	EndProjectSection
EndProject
Project("{8BC9CEB8-8B4A-11D0-8D11-00A0C91BC942}") = "binder", "binder\binder.vcxproj", "{F550AFA5-4098-46FE-9E84-0AD9698DD25E}"
	ProjectSection(ProjectDependencies) = postProject
		{CE56C110-CB05-4593-97FA-A664D6B67265} = {CE56C110-CB05-4593-97FA-A664D6B67265}
		{A143C01A-CA8F-4A48-BA9A-254B81495FF2} = {A143C01A-CA8F-4A48-BA9A-254B81495FF2}
		{01B04136-057A-4BD1-86A7-6779D1CC8B09} = {01B04136-057A-4BD1-86A7-6779D1CC8B09}
		{CE8DE27D-3B13-4E50-A04E-301585F9F731} = {CE8DE27D-3B13-4E50-A04E-301585F9F731}
		{F5CA3B98-CC3A-4924-BE9A-F5E507305C7B} = {F5CA3B98-CC3A-4924-BE9A-F5E507305C7B}
		{879B25C9-B0B5-4928-B84B-5D212802BD15} = {879B25C9-B0B5-4928-B84B-5D212802BD15}
		{B49BF2F4-1622-45DA-B497-69329EA37AD0} = {B49BF2F4-1622-45DA-B497-69329EA37AD0}
	EndProjectSection
EndProject
Project("{8BC9CEB8-8B4A-11D0-8D11-00A0C91BC942}") = "ir", "ir\ir.vcxproj", "{F5CA3B98-CC3A-4924-BE9A-F5E507305C7B}"
EndProject
Global
	GlobalSection(SolutionConfigurationPlatforms) = preSolution
		Debug|x64 = Debug|x64
		Debug|x86 = Debug|x86
		Release|x64 = Release|x64
		Release|x86 = Release|x86
	EndGlobalSection
	GlobalSection(ProjectConfigurationPlatforms) = postSolution
		{07F2AA9C-F4D4-4802-A38C-67D6C6316FE2}.Debug|x64.ActiveCfg = Debug|x64
		{07F2AA9C-F4D4-4802-A38C-67D6C6316FE2}.Debug|x64.Build.0 = Debug|x64
		{07F2AA9C-F4D4-4802-A38C-67D6C6316FE2}.Debug|x86.ActiveCfg = Debug|Win32
		{07F2AA9C-F4D4-4802-A38C-67D6C6316FE2}.Debug|x86.Build.0 = Debug|Win32
		{07F2AA9C-F4D4-4802-A38C-67D6C6316FE2}.Release|x64.ActiveCfg = Release|x64
		{07F2AA9C-F4D4-4802-A38C-67D6C6316FE2}.Release|x64.Build.0 = Release|x64
		{07F2AA9C-F4D4-4802-A38C-67D6C6316FE2}.Release|x86.ActiveCfg = Release|Win32
		{07F2AA9C-F4D4-4802-A38C-67D6C6316FE2}.Release|x86.Build.0 = Release|Win32
		{879B25C9-B0B5-4928-B84B-5D212802BD15}.Debug|x64.ActiveCfg = Debug|x64
		{879B25C9-B0B5-4928-B84B-5D212802BD15}.Debug|x64.Build.0 = Debug|x64
		{879B25C9-B0B5-4928-B84B-5D212802BD15}.Debug|x86.ActiveCfg = Debug|Win32
		{879B25C9-B0B5-4928-B84B-5D212802BD15}.Debug|x86.Build.0 = Debug|Win32
		{879B25C9-B0B5-4928-B84B-5D212802BD15}.Release|x64.ActiveCfg = Release|x64
		{879B25C9-B0B5-4928-B84B-5D212802BD15}.Release|x64.Build.0 = Release|x64
		{879B25C9-B0B5-4928-B84B-5D212802BD15}.Release|x86.ActiveCfg = Release|Win32
		{879B25C9-B0B5-4928-B84B-5D212802BD15}.Release|x86.Build.0 = Release|Win32
		{CE8DE27D-3B13-4E50-A04E-301585F9F731}.Debug|x64.ActiveCfg = Debug|x64
		{CE8DE27D-3B13-4E50-A04E-301585F9F731}.Debug|x64.Build.0 = Debug|x64
		{CE8DE27D-3B13-4E50-A04E-301585F9F731}.Debug|x86.ActiveCfg = Debug|Win32
		{CE8DE27D-3B13-4E50-A04E-301585F9F731}.Debug|x86.Build.0 = Debug|Win32
		{CE8DE27D-3B13-4E50-A04E-301585F9F731}.Release|x64.ActiveCfg = Release|x64
		{CE8DE27D-3B13-4E50-A04E-301585F9F731}.Release|x64.Build.0 = Release|x64
		{CE8DE27D-3B13-4E50-A04E-301585F9F731}.Release|x86.ActiveCfg = Release|Win32
		{CE8DE27D-3B13-4E50-A04E-301585F9F731}.Release|x86.Build.0 = Release|Win32
		{01B04136-057A-4BD1-86A7-6779D1CC8B09}.Debug|x64.ActiveCfg = Debug|x64
		{01B04136-057A-4BD1-86A7-6779D1CC8B09}.Debug|x64.Build.0 = Debug|x64
		{01B04136-057A-4BD1-86A7-6779D1CC8B09}.Debug|x86.ActiveCfg = Debug|Win32
		{01B04136-057A-4BD1-86A7-6779D1CC8B09}.Debug|x86.Build.0 = Debug|Win32
		{01B04136-057A-4BD1-86A7-6779D1CC8B09}.Release|x64.ActiveCfg = Release|x64
		{01B04136-057A-4BD1-86A7-6779D1CC8B09}.Release|x64.Build.0 = Release|x64
		{01B04136-057A-4BD1-86A7-6779D1CC8B09}.Release|x86.ActiveCfg = Release|Win32
		{01B04136-057A-4BD1-86A7-6779D1CC8B09}.Release|x86.Build.0 = Release|Win32
		{7477A03F-BBB8-48D1-9E06-F9F25A579994}.Debug|x64.ActiveCfg = Debug|x64
		{7477A03F-BBB8-48D1-9E06-F9F25A579994}.Debug|x64.Build.0 = Debug|x64
		{7477A03F-BBB8-48D1-9E06-F9F25A579994}.Debug|x86.ActiveCfg = Debug|Win32
		{7477A03F-BBB8-48D1-9E06-F9F25A579994}.Debug|x86.Build.0 = Debug|Win32
		{7477A03F-BBB8-48D1-9E06-F9F25A579994}.Release|x64.ActiveCfg = Release|x64
		{7477A03F-BBB8-48D1-9E06-F9F25A579994}.Release|x64.Build.0 = Release|x64
		{7477A03F-BBB8-48D1-9E06-F9F25A579994}.Release|x86.ActiveCfg = Release|Win32
		{7477A03F-BBB8-48D1-9E06-F9F25A579994}.Release|x86.Build.0 = Release|Win32
		{372449DC-8422-4052-9F83-5CED3B143466}.Debug|x64.ActiveCfg = Debug|x64
		{372449DC-8422-4052-9F83-5CED3B143466}.Debug|x64.Build.0 = Debug|x64
		{372449DC-8422-4052-9F83-5CED3B143466}.Debug|x86.ActiveCfg = Debug|Win32
		{372449DC-8422-4052-9F83-5CED3B143466}.Debug|x86.Build.0 = Debug|Win32
		{372449DC-8422-4052-9F83-5CED3B143466}.Release|x64.ActiveCfg = Release|x64
		{372449DC-8422-4052-9F83-5CED3B143466}.Release|x64.Build.0 = Release|x64
		{372449DC-8422-4052-9F83-5CED3B143466}.Release|x86.ActiveCfg = Release|Win32
		{372449DC-8422-4052-9F83-5CED3B143466}.Release|x86.Build.0 = Release|Win32
		{D1DBA7F7-0FA3-407B-8EE5-DE5B44C21C58}.Debug|x64.ActiveCfg = Debug|x64
		{D1DBA7F7-0FA3-407B-8EE5-DE5B44C21C58}.Debug|x64.Build.0 = Debug|x64
		{D1DBA7F7-0FA3-407B-8EE5-DE5B44C21C58}.Debug|x86.ActiveCfg = Debug|Win32
		{D1DBA7F7-0FA3-407B-8EE5-DE5B44C21C58}.Debug|x86.Build.0 = Debug|Win32
		{D1DBA7F7-0FA3-407B-8EE5-DE5B44C21C58}.Release|x64.ActiveCfg = Release|x64
		{D1DBA7F7-0FA3-407B-8EE5-DE5B44C21C58}.Release|x64.Build.0 = Release|x64
		{D1DBA7F7-0FA3-407B-8EE5-DE5B44C21C58}.Release|x86.ActiveCfg = Release|Win32
		{D1DBA7F7-0FA3-407B-8EE5-DE5B44C21C58}.Release|x86.Build.0 = Release|Win32
		{A53AF8ED-66DD-4561-9A77-D2D5CE3A5C15}.Debug|x64.ActiveCfg = Debug|x64
		{A53AF8ED-66DD-4561-9A77-D2D5CE3A5C15}.Debug|x64.Build.0 = Debug|x64
		{A53AF8ED-66DD-4561-9A77-D2D5CE3A5C15}.Debug|x86.ActiveCfg = Debug|Win32
		{A53AF8ED-66DD-4561-9A77-D2D5CE3A5C15}.Debug|x86.Build.0 = Debug|Win32
		{A53AF8ED-66DD-4561-9A77-D2D5CE3A5C15}.Release|x64.ActiveCfg = Release|x64
		{A53AF8ED-66DD-4561-9A77-D2D5CE3A5C15}.Release|x64.Build.0 = Release|x64
		{A53AF8ED-66DD-4561-9A77-D2D5CE3A5C15}.Release|x86.ActiveCfg = Release|Win32
		{A53AF8ED-66DD-4561-9A77-D2D5CE3A5C15}.Release|x86.Build.0 = Release|Win32
		{32E61B8C-4433-4969-9E41-A53494A53C1B}.Debug|x64.ActiveCfg = Debug|x64
		{32E61B8C-4433-4969-9E41-A53494A53C1B}.Debug|x64.Build.0 = Debug|x64
		{32E61B8C-4433-4969-9E41-A53494A53C1B}.Debug|x86.ActiveCfg = Debug|Win32
		{32E61B8C-4433-4969-9E41-A53494A53C1B}.Debug|x86.Build.0 = Debug|Win32
		{32E61B8C-4433-4969-9E41-A53494A53C1B}.Release|x64.ActiveCfg = Release|x64
		{32E61B8C-4433-4969-9E41-A53494A53C1B}.Release|x64.Build.0 = Release|x64
		{32E61B8C-4433-4969-9E41-A53494A53C1B}.Release|x86.ActiveCfg = Release|Win32
		{32E61B8C-4433-4969-9E41-A53494A53C1B}.Release|x86.Build.0 = Release|Win32
		{CEF6E988-1FFD-4FD3-B188-DF3EE12234EC}.Debug|x64.ActiveCfg = Debug|x64
		{CEF6E988-1FFD-4FD3-B188-DF3EE12234EC}.Debug|x64.Build.0 = Debug|x64
		{CEF6E988-1FFD-4FD3-B188-DF3EE12234EC}.Debug|x86.ActiveCfg = Debug|Win32
		{CEF6E988-1FFD-4FD3-B188-DF3EE12234EC}.Debug|x86.Build.0 = Debug|Win32
		{CEF6E988-1FFD-4FD3-B188-DF3EE12234EC}.Release|x64.ActiveCfg = Release|x64
		{CEF6E988-1FFD-4FD3-B188-DF3EE12234EC}.Release|x64.Build.0 = Release|x64
		{CEF6E988-1FFD-4FD3-B188-DF3EE12234EC}.Release|x86.ActiveCfg = Release|Win32
		{CEF6E988-1FFD-4FD3-B188-DF3EE12234EC}.Release|x86.Build.0 = Release|Win32
		{CE56C110-CB05-4593-97FA-A664D6B67265}.Debug|x64.ActiveCfg = Debug|x64
		{CE56C110-CB05-4593-97FA-A664D6B67265}.Debug|x64.Build.0 = Debug|x64
		{CE56C110-CB05-4593-97FA-A664D6B67265}.Debug|x86.ActiveCfg = Debug|Win32
		{CE56C110-CB05-4593-97FA-A664D6B67265}.Debug|x86.Build.0 = Debug|Win32
		{CE56C110-CB05-4593-97FA-A664D6B67265}.Release|x64.ActiveCfg = Release|x64
		{CE56C110-CB05-4593-97FA-A664D6B67265}.Release|x64.Build.0 = Release|x64
		{CE56C110-CB05-4593-97FA-A664D6B67265}.Release|x86.ActiveCfg = Release|Win32
		{CE56C110-CB05-4593-97FA-A664D6B67265}.Release|x86.Build.0 = Release|Win32
		{B49BF2F4-1622-45DA-B497-69329EA37AD0}.Debug|x64.ActiveCfg = Debug|x64
		{B49BF2F4-1622-45DA-B497-69329EA37AD0}.Debug|x64.Build.0 = Debug|x64
		{B49BF2F4-1622-45DA-B497-69329EA37AD0}.Debug|x86.ActiveCfg = Debug|Win32
		{B49BF2F4-1622-45DA-B497-69329EA37AD0}.Debug|x86.Build.0 = Debug|Win32
		{B49BF2F4-1622-45DA-B497-69329EA37AD0}.Release|x64.ActiveCfg = Release|x64
		{B49BF2F4-1622-45DA-B497-69329EA37AD0}.Release|x64.Build.0 = Release|x64
		{B49BF2F4-1622-45DA-B497-69329EA37AD0}.Release|x86.ActiveCfg = Release|Win32
		{B49BF2F4-1622-45DA-B497-69329EA37AD0}.Release|x86.Build.0 = Release|Win32
		{A143C01A-CA8F-4A48-BA9A-254B81495FF2}.Debug|x64.ActiveCfg = Debug|x64
		{A143C01A-CA8F-4A48-BA9A-254B81495FF2}.Debug|x64.Build.0 = Debug|x64
		{A143C01A-CA8F-4A48-BA9A-254B81495FF2}.Debug|x86.ActiveCfg = Debug|Win32
		{A143C01A-CA8F-4A48-BA9A-254B81495FF2}.Debug|x86.Build.0 = Debug|Win32
		{A143C01A-CA8F-4A48-BA9A-254B81495FF2}.Release|x64.ActiveCfg = Release|x64
		{A143C01A-CA8F-4A48-BA9A-254B81495FF2}.Release|x64.Build.0 = Release|x64
		{A143C01A-CA8F-4A48-BA9A-254B81495FF2}.Release|x86.ActiveCfg = Release|Win32
		{A143C01A-CA8F-4A48-BA9A-254B81495FF2}.Release|x86.Build.0 = Release|Win32
		{D78ECD1A-788D-4CE0-9ADB-830902A20840}.Debug|x64.ActiveCfg = Debug|x64
		{D78ECD1A-788D-4CE0-9ADB-830902A20840}.Debug|x64.Build.0 = Debug|x64
		{D78ECD1A-788D-4CE0-9ADB-830902A20840}.Debug|x86.ActiveCfg = Debug|Win32
		{D78ECD1A-788D-4CE0-9ADB-830902A20840}.Debug|x86.Build.0 = Debug|Win32
		{D78ECD1A-788D-4CE0-9ADB-830902A20840}.Release|x64.ActiveCfg = Release|x64
		{D78ECD1A-788D-4CE0-9ADB-830902A20840}.Release|x64.Build.0 = Release|x64
		{D78ECD1A-788D-4CE0-9ADB-830902A20840}.Release|x86.ActiveCfg = Release|Win32
		{D78ECD1A-788D-4CE0-9ADB-830902A20840}.Release|x86.Build.0 = Release|Win32
		{F550AFA5-4098-46FE-9E84-0AD9698DD25E}.Debug|x64.ActiveCfg = Debug|x64
		{F550AFA5-4098-46FE-9E84-0AD9698DD25E}.Debug|x64.Build.0 = Debug|x64
		{F550AFA5-4098-46FE-9E84-0AD9698DD25E}.Debug|x86.ActiveCfg = Debug|Win32
		{F550AFA5-4098-46FE-9E84-0AD9698DD25E}.Debug|x86.Build.0 = Debug|Win32
		{F550AFA5-4098-46FE-9E84-0AD9698DD25E}.Release|x64.ActiveCfg = Release|x64
		{F550AFA5-4098-46FE-9E84-0AD9698DD25E}.Release|x64.Build.0 = Release|x64
		{F550AFA5-4098-46FE-9E84-0AD9698DD25E}.Release|x86.ActiveCfg = Release|Win32
		{F550AFA5-4098-46FE-9E84-0AD9698DD25E}.Release|x86.Build.0 = Release|Win32
		{F5CA3B98-CC3A-4924-BE9A-F5E507305C7B}.Debug|x64.ActiveCfg = Debug|x64
		{F5CA3B98-CC3A-4924-BE9A-F5E507305C7B}.Debug|x64.Build.0 = Debug|x64
		{F5CA3B98-CC3A-4924-BE9A-F5E507305C7B}.Debug|x86.ActiveCfg = Debug|Win32
		{F5CA3B98-CC3A-4924-BE9A-F5E507305C7B}.Debug|x86.Build.0 = Debug|Win32
		{F5CA3B98-CC3A-4924-BE9A-F5E507305C7B}.Release|x64.ActiveCfg = Release|x64
		{F5CA3B98-CC3A-4924-BE9A-F5E507305C7B}.Release|x64.Build.0 = Release|x64
		{F5CA3B98-CC3A-4924-BE9A-F5E507305C7B}.Release|x86.ActiveCfg = Release|Win32
		{F5CA3B98-CC3A-4924-BE9A-F5E507305C7B}.Release|x86.Build.0 = Release|Win32
	EndGlobalSection
	GlobalSection(SolutionProperties) = preSolution
		HideSolutionNode = FALSE
	EndGlobalSection
EndGlobal
