Microsoft Visual Studio Solution File, Format Version 12.00
# Visual Studio 15
VisualStudioVersion = 15.0.27428.2015
MinimumVisualStudioVersion = 10.0.40219.1
Project("{A8A06387-5A08-470D-8F9C-CD5ECF2DDB09}") = "System", "System/System.cmproj", "{3cb0ff52-f347-417d-9d5c-770514b2bf9c}"
EndProject
Project("{A8A06387-5A08-470D-8F9C-CD5ECF2DDB09}") = "System.Base", "System.Base/System.Base.cmproj", "{582e1240-4472-44fe-8bc1-733039dc0a10}"
EndProject
Project("{A8A06387-5A08-470D-8F9C-CD5ECF2DDB09}") = "System.Core", "System.Core/System.Core.cmproj", "{a6e62403-f8a2-46ef-b345-26555c9c0ea3}"
EndProject
Project("{A8A06387-5A08-470D-8F9C-CD5ECF2DDB09}") = "System.Dom", "System.Dom/System.Dom.cmproj", "{3787c003-8b0b-4336-9da2-4224da9504e8}"
EndProject
Project("{A8A06387-5A08-470D-8F9C-CD5ECF2DDB09}") = "System.IO.Compression", "System.IO.Compression/System.IO.Compression.cmproj", "{a0cae209-9fcd-4781-9dc1-b9a8f435f41d}"
EndProject
Project("{A8A06387-5A08-470D-8F9C-CD5ECF2DDB09}") = "System.Json", "System.Json/System.Json.cmproj", "{50a83be5-08e4-4d4a-b426-3f5193506448}"
EndProject
Project("{A8A06387-5A08-470D-8F9C-CD5ECF2DDB09}") = "System.Net.Http", "System.Net.Http/System.Net.Http.cmproj", "{3e3d8818-8d81-403e-86e1-2a18db6f1da7}"
EndProject
Project("{A8A06387-5A08-470D-8F9C-CD5ECF2DDB09}") = "System.Net.Sockets", "System.Net.Sockets/System.Net.Sockets.cmproj", "{9da0e956-4611-40ae-9497-98222390b1a0}"
EndProject
Project("{A8A06387-5A08-470D-8F9C-CD5ECF2DDB09}") = "System.Numerics.Multiprecision", "System.Numerics.Multiprecision/System.Numerics.Multiprecision.cmproj", "{a76d18be-a7e7-4173-a08d-6a929e2390e8}"
EndProject
Project("{A8A06387-5A08-470D-8F9C-CD5ECF2DDB09}") = "System.Runtime", "System.Runtime/System.Runtime.cmproj", "{6f0a486c-340f-439f-a033-0394671bd7c9}"
EndProject
Project("{A8A06387-5A08-470D-8F9C-CD5ECF2DDB09}") = "System.Text.Parsing", "System.Text.Parsing/System.Text.Parsing.cmproj", "{745b11d7-4634-49bf-8b3d-ad13336c4025}"
EndProject
Project("{A8A06387-5A08-470D-8F9C-CD5ECF2DDB09}") = "System.Text.Parsing.CodeDom", "System.Text.Parsing.CodeDom/System.Text.Parsing.CodeDom.cmproj", "{7f6d485a-bad8-434d-a55a-32c55dab78e4}"
EndProject
Project("{A8A06387-5A08-470D-8F9C-CD5ECF2DDB09}") = "System.Text.RegularExpressions", "System.Text.RegularExpressions/System.Text.RegularExpressions.cmproj", "{75cd35bc-daef-4a1b-9602-b27899844e68}"
EndProject
Project("{A8A06387-5A08-470D-8F9C-CD5ECF2DDB09}") = "System.Xml", "System.Xml/System.Xml.cmproj", "{033f0125-a095-4ca5-ae54-8db871cf4bde}"
EndProject
Project("{A8A06387-5A08-470D-8F9C-CD5ECF2DDB09}") = "System.XPath", "System.XPath/System.XPath.cmproj", "{14d57466-6886-4b2c-b804-43943446226f}"
EndProject
Global
    GlobalSection(SolutionConfigurationPlatforms) = preSolution
        Debug|Any CPU = Debug|Any CPU
        Release|Any CPU = Release|Any CPU
    EndGlobalSection
    GlobalSection(ProjectConfigurationPlatforms) = postSolution
        {3cb0ff52-f347-417d-9d5c-770514b2bf9c}.Debug|Any CPU.ActiveCfg = Debug|Any CPU
        {3cb0ff52-f347-417d-9d5c-770514b2bf9c}.Debug|Any CPU.Build.0 = Debug|Any CPU
        {3cb0ff52-f347-417d-9d5c-770514b2bf9c}.Release|Any CPU.ActiveCfg = Release|Any CPU
        {3cb0ff52-f347-417d-9d5c-770514b2bf9c}.Release|Any CPU.Build.0 = Release|Any CPU
        {582e1240-4472-44fe-8bc1-733039dc0a10}.Debug|Any CPU.ActiveCfg = Debug|Any CPU
        {582e1240-4472-44fe-8bc1-733039dc0a10}.Debug|Any CPU.Build.0 = Debug|Any CPU
        {582e1240-4472-44fe-8bc1-733039dc0a10}.Release|Any CPU.ActiveCfg = Release|Any CPU
        {582e1240-4472-44fe-8bc1-733039dc0a10}.Release|Any CPU.Build.0 = Release|Any CPU
        {a6e62403-f8a2-46ef-b345-26555c9c0ea3}.Debug|Any CPU.ActiveCfg = Debug|Any CPU
        {a6e62403-f8a2-46ef-b345-26555c9c0ea3}.Debug|Any CPU.Build.0 = Debug|Any CPU
        {a6e62403-f8a2-46ef-b345-26555c9c0ea3}.Release|Any CPU.ActiveCfg = Release|Any CPU
        {a6e62403-f8a2-46ef-b345-26555c9c0ea3}.Release|Any CPU.Build.0 = Release|Any CPU
        {3787c003-8b0b-4336-9da2-4224da9504e8}.Debug|Any CPU.ActiveCfg = Debug|Any CPU
        {3787c003-8b0b-4336-9da2-4224da9504e8}.Debug|Any CPU.Build.0 = Debug|Any CPU
        {3787c003-8b0b-4336-9da2-4224da9504e8}.Release|Any CPU.ActiveCfg = Release|Any CPU
        {3787c003-8b0b-4336-9da2-4224da9504e8}.Release|Any CPU.Build.0 = Release|Any CPU
        {a0cae209-9fcd-4781-9dc1-b9a8f435f41d}.Debug|Any CPU.ActiveCfg = Debug|Any CPU
        {a0cae209-9fcd-4781-9dc1-b9a8f435f41d}.Debug|Any CPU.Build.0 = Debug|Any CPU
        {a0cae209-9fcd-4781-9dc1-b9a8f435f41d}.Release|Any CPU.ActiveCfg = Release|Any CPU
        {a0cae209-9fcd-4781-9dc1-b9a8f435f41d}.Release|Any CPU.Build.0 = Release|Any CPU
        {50a83be5-08e4-4d4a-b426-3f5193506448}.Debug|Any CPU.ActiveCfg = Debug|Any CPU
        {50a83be5-08e4-4d4a-b426-3f5193506448}.Debug|Any CPU.Build.0 = Debug|Any CPU
        {50a83be5-08e4-4d4a-b426-3f5193506448}.Release|Any CPU.ActiveCfg = Release|Any CPU
        {50a83be5-08e4-4d4a-b426-3f5193506448}.Release|Any CPU.Build.0 = Release|Any CPU
        {3e3d8818-8d81-403e-86e1-2a18db6f1da7}.Debug|Any CPU.ActiveCfg = Debug|Any CPU
        {3e3d8818-8d81-403e-86e1-2a18db6f1da7}.Debug|Any CPU.Build.0 = Debug|Any CPU
        {3e3d8818-8d81-403e-86e1-2a18db6f1da7}.Release|Any CPU.ActiveCfg = Release|Any CPU
        {3e3d8818-8d81-403e-86e1-2a18db6f1da7}.Release|Any CPU.Build.0 = Release|Any CPU
        {9da0e956-4611-40ae-9497-98222390b1a0}.Debug|Any CPU.ActiveCfg = Debug|Any CPU
        {9da0e956-4611-40ae-9497-98222390b1a0}.Debug|Any CPU.Build.0 = Debug|Any CPU
        {9da0e956-4611-40ae-9497-98222390b1a0}.Release|Any CPU.ActiveCfg = Release|Any CPU
        {9da0e956-4611-40ae-9497-98222390b1a0}.Release|Any CPU.Build.0 = Release|Any CPU
        {a76d18be-a7e7-4173-a08d-6a929e2390e8}.Debug|Any CPU.ActiveCfg = Debug|Any CPU
        {a76d18be-a7e7-4173-a08d-6a929e2390e8}.Debug|Any CPU.Build.0 = Debug|Any CPU
        {a76d18be-a7e7-4173-a08d-6a929e2390e8}.Release|Any CPU.ActiveCfg = Release|Any CPU
        {a76d18be-a7e7-4173-a08d-6a929e2390e8}.Release|Any CPU.Build.0 = Release|Any CPU
        {6f0a486c-340f-439f-a033-0394671bd7c9}.Debug|Any CPU.ActiveCfg = Debug|Any CPU
        {6f0a486c-340f-439f-a033-0394671bd7c9}.Debug|Any CPU.Build.0 = Debug|Any CPU
        {6f0a486c-340f-439f-a033-0394671bd7c9}.Release|Any CPU.ActiveCfg = Release|Any CPU
        {6f0a486c-340f-439f-a033-0394671bd7c9}.Release|Any CPU.Build.0 = Release|Any CPU
        {745b11d7-4634-49bf-8b3d-ad13336c4025}.Debug|Any CPU.ActiveCfg = Debug|Any CPU
        {745b11d7-4634-49bf-8b3d-ad13336c4025}.Debug|Any CPU.Build.0 = Debug|Any CPU
        {745b11d7-4634-49bf-8b3d-ad13336c4025}.Release|Any CPU.ActiveCfg = Release|Any CPU
        {745b11d7-4634-49bf-8b3d-ad13336c4025}.Release|Any CPU.Build.0 = Release|Any CPU
        {7f6d485a-bad8-434d-a55a-32c55dab78e4}.Debug|Any CPU.ActiveCfg = Debug|Any CPU
        {7f6d485a-bad8-434d-a55a-32c55dab78e4}.Debug|Any CPU.Build.0 = Debug|Any CPU
        {7f6d485a-bad8-434d-a55a-32c55dab78e4}.Release|Any CPU.ActiveCfg = Release|Any CPU
        {7f6d485a-bad8-434d-a55a-32c55dab78e4}.Release|Any CPU.Build.0 = Release|Any CPU
        {75cd35bc-daef-4a1b-9602-b27899844e68}.Debug|Any CPU.ActiveCfg = Debug|Any CPU
        {75cd35bc-daef-4a1b-9602-b27899844e68}.Debug|Any CPU.Build.0 = Debug|Any CPU
        {75cd35bc-daef-4a1b-9602-b27899844e68}.Release|Any CPU.ActiveCfg = Release|Any CPU
        {75cd35bc-daef-4a1b-9602-b27899844e68}.Release|Any CPU.Build.0 = Release|Any CPU
        {033f0125-a095-4ca5-ae54-8db871cf4bde}.Debug|Any CPU.ActiveCfg = Debug|Any CPU
        {033f0125-a095-4ca5-ae54-8db871cf4bde}.Debug|Any CPU.Build.0 = Debug|Any CPU
        {033f0125-a095-4ca5-ae54-8db871cf4bde}.Release|Any CPU.ActiveCfg = Release|Any CPU
        {033f0125-a095-4ca5-ae54-8db871cf4bde}.Release|Any CPU.Build.0 = Release|Any CPU
        {14d57466-6886-4b2c-b804-43943446226f}.Debug|Any CPU.ActiveCfg = Debug|Any CPU
        {14d57466-6886-4b2c-b804-43943446226f}.Debug|Any CPU.Build.0 = Debug|Any CPU
        {14d57466-6886-4b2c-b804-43943446226f}.Release|Any CPU.ActiveCfg = Release|Any CPU
        {14d57466-6886-4b2c-b804-43943446226f}.Release|Any CPU.Build.0 = Release|Any CPU
    EndGlobalSection
    GlobalSection(SolutionProperties) = preSolution
        HideSolutionNode = FALSE
    EndGlobalSection
    GlobalSection(ExtensibilityGlobals) = postSolution
        SolutionGuid = {81d01616-c0a9-4dcd-8c40-7883ae97a7a5}
    EndGlobalSection
EndGlobal
