Microsoft Visual Studio Solution File, Format Version 12.00
# Visual Studio 15
VisualStudioVersion = 15.0.27428.2015
MinimumVisualStudioVersion = 10.0.40219.1
Project("{A8A06387-5A08-470D-8F9C-CD5ECF2DDB09}") = "System", "System\System.cmproj", "{BAD5F429-19B9-4D4E-947F-C5D2DF4C5AC2}"
EndProject
Project("{A8A06387-5A08-470D-8F9C-CD5ECF2DDB09}") = "System.Base", "System.Base\System.Base.cmproj", "{B7313B9D-A276-4D00-8DD8-B0E7380B4160}"
EndProject
Project("{A8A06387-5A08-470D-8F9C-CD5ECF2DDB09}") = "System.Core", "System.Core\System.Core.cmproj", "{264CFB59-6A15-4DB5-AC93-87836F190C55}"
EndProject
Project("{A8A06387-5A08-470D-8F9C-CD5ECF2DDB09}") = "System.Dom", "System.Dom\System.Dom.cmproj", "{7B31ECDF-10C1-4552-B85D-E40EF645DD4D}"
EndProject
Project("{A8A06387-5A08-470D-8F9C-CD5ECF2DDB09}") = "System.IO.Compression", "System.IO.Compression\System.IO.Compression.cmproj", "{0F6FD0E9-F859-4C87-B044-A62D00182F78}"
EndProject
Project("{A8A06387-5A08-470D-8F9C-CD5ECF2DDB09}") = "System.Json", "System.Json\System.Json.cmproj", "{8AFFFB59-1EB1-4397-90B8-B749B70476C1}"
EndProject
Project("{A8A06387-5A08-470D-8F9C-CD5ECF2DDB09}") = "System.Net.Http", "System.Net.Http\System.Net.Http.cmproj", "{43DA68DC-7673-4A83-A1F6-35E462E7CE78}"
EndProject
Project("{A8A06387-5A08-470D-8F9C-CD5ECF2DDB09}") = "System.Net.Sockets", "System.Net.Sockets\System.Net.Sockets.cmproj", "{096928F5-661B-4323-A364-C9ADF9FAB64F}"
EndProject
Project("{A8A06387-5A08-470D-8F9C-CD5ECF2DDB09}") = "System.Numerics.Multiprecision", "System.Numerics.Multiprecision\System.Numerics.Multiprecision.cmproj", "{E476AF9A-86D0-4730-A6F7-6713CB37DB31}"
EndProject
Project("{A8A06387-5A08-470D-8F9C-CD5ECF2DDB09}") = "System.Runtime", "System.Runtime\System.Runtime.cmproj", "{35B6E612-49BC-4882-A365-FB0301462E54}"
EndProject
Project("{A8A06387-5A08-470D-8F9C-CD5ECF2DDB09}") = "System.Text.Parsing", "System.Text.Parsing\System.Text.Parsing.cmproj", "{61DBA2E4-9B0D-4B7D-B90C-AA61853FD17D}"
EndProject
Project("{A8A06387-5A08-470D-8F9C-CD5ECF2DDB09}") = "System.Text.Parsing.CodeDom", "System.Text.Parsing.CodeDom\System.Text.Parsing.CodeDom.cmproj", "{48BE5214-1A6C-403A-9D32-A12B5559B7F2}"
EndProject
Project("{A8A06387-5A08-470D-8F9C-CD5ECF2DDB09}") = "System.Text.RegularExpressions", "System.Text.RegularExpressions\System.Text.RegularExpressions.cmproj", "{A3113857-79D8-440C-84A7-5ABCF3A24D57}"
EndProject
Project("{A8A06387-5A08-470D-8F9C-CD5ECF2DDB09}") = "System.Xml", "System.Xml\System.Xml.cmproj", "{89CFBABF-3334-4AC9-8F87-2F2460D68BBB}"
EndProject
Project("{A8A06387-5A08-470D-8F9C-CD5ECF2DDB09}") = "System.XPath", "System.XPath\System.XPath.cmproj", "{277248FF-7C14-411F-BC08-4DDB1B4C2B92}"
EndProject
Global
	GlobalSection(SolutionConfigurationPlatforms) = preSolution
		Debug|Any CPU = Debug|Any CPU
		Release|Any CPU = Release|Any CPU
	EndGlobalSection
	GlobalSection(ProjectConfigurationPlatforms) = postSolution
		{BAD5F429-19B9-4D4E-947F-C5D2DF4C5AC2}.Debug|Any CPU.ActiveCfg = Debug|Any CPU
		{BAD5F429-19B9-4D4E-947F-C5D2DF4C5AC2}.Debug|Any CPU.Build.0 = Debug|Any CPU
		{BAD5F429-19B9-4D4E-947F-C5D2DF4C5AC2}.Release|Any CPU.ActiveCfg = Release|Any CPU
		{BAD5F429-19B9-4D4E-947F-C5D2DF4C5AC2}.Release|Any CPU.Build.0 = Release|Any CPU
		{B7313B9D-A276-4D00-8DD8-B0E7380B4160}.Debug|Any CPU.ActiveCfg = Debug|Any CPU
		{B7313B9D-A276-4D00-8DD8-B0E7380B4160}.Debug|Any CPU.Build.0 = Debug|Any CPU
		{B7313B9D-A276-4D00-8DD8-B0E7380B4160}.Release|Any CPU.ActiveCfg = Release|Any CPU
		{B7313B9D-A276-4D00-8DD8-B0E7380B4160}.Release|Any CPU.Build.0 = Release|Any CPU
		{264CFB59-6A15-4DB5-AC93-87836F190C55}.Debug|Any CPU.ActiveCfg = Debug|Any CPU
		{264CFB59-6A15-4DB5-AC93-87836F190C55}.Debug|Any CPU.Build.0 = Debug|Any CPU
		{264CFB59-6A15-4DB5-AC93-87836F190C55}.Release|Any CPU.ActiveCfg = Release|Any CPU
		{264CFB59-6A15-4DB5-AC93-87836F190C55}.Release|Any CPU.Build.0 = Release|Any CPU
		{7B31ECDF-10C1-4552-B85D-E40EF645DD4D}.Debug|Any CPU.ActiveCfg = Debug|Any CPU
		{7B31ECDF-10C1-4552-B85D-E40EF645DD4D}.Debug|Any CPU.Build.0 = Debug|Any CPU
		{7B31ECDF-10C1-4552-B85D-E40EF645DD4D}.Release|Any CPU.ActiveCfg = Release|Any CPU
		{7B31ECDF-10C1-4552-B85D-E40EF645DD4D}.Release|Any CPU.Build.0 = Release|Any CPU
		{0F6FD0E9-F859-4C87-B044-A62D00182F78}.Debug|Any CPU.ActiveCfg = Debug|Any CPU
		{0F6FD0E9-F859-4C87-B044-A62D00182F78}.Debug|Any CPU.Build.0 = Debug|Any CPU
		{0F6FD0E9-F859-4C87-B044-A62D00182F78}.Release|Any CPU.ActiveCfg = Release|Any CPU
		{0F6FD0E9-F859-4C87-B044-A62D00182F78}.Release|Any CPU.Build.0 = Release|Any CPU
		{8AFFFB59-1EB1-4397-90B8-B749B70476C1}.Debug|Any CPU.ActiveCfg = Debug|Any CPU
		{8AFFFB59-1EB1-4397-90B8-B749B70476C1}.Debug|Any CPU.Build.0 = Debug|Any CPU
		{8AFFFB59-1EB1-4397-90B8-B749B70476C1}.Release|Any CPU.ActiveCfg = Release|Any CPU
		{8AFFFB59-1EB1-4397-90B8-B749B70476C1}.Release|Any CPU.Build.0 = Release|Any CPU
		{43DA68DC-7673-4A83-A1F6-35E462E7CE78}.Debug|Any CPU.ActiveCfg = Debug|Any CPU
		{43DA68DC-7673-4A83-A1F6-35E462E7CE78}.Debug|Any CPU.Build.0 = Debug|Any CPU
		{43DA68DC-7673-4A83-A1F6-35E462E7CE78}.Release|Any CPU.ActiveCfg = Release|Any CPU
		{43DA68DC-7673-4A83-A1F6-35E462E7CE78}.Release|Any CPU.Build.0 = Release|Any CPU
		{096928F5-661B-4323-A364-C9ADF9FAB64F}.Debug|Any CPU.ActiveCfg = Debug|Any CPU
		{096928F5-661B-4323-A364-C9ADF9FAB64F}.Debug|Any CPU.Build.0 = Debug|Any CPU
		{096928F5-661B-4323-A364-C9ADF9FAB64F}.Release|Any CPU.ActiveCfg = Release|Any CPU
		{096928F5-661B-4323-A364-C9ADF9FAB64F}.Release|Any CPU.Build.0 = Release|Any CPU
		{E476AF9A-86D0-4730-A6F7-6713CB37DB31}.Debug|Any CPU.ActiveCfg = Debug|Any CPU
		{E476AF9A-86D0-4730-A6F7-6713CB37DB31}.Debug|Any CPU.Build.0 = Debug|Any CPU
		{E476AF9A-86D0-4730-A6F7-6713CB37DB31}.Release|Any CPU.ActiveCfg = Release|Any CPU
		{E476AF9A-86D0-4730-A6F7-6713CB37DB31}.Release|Any CPU.Build.0 = Release|Any CPU
		{35B6E612-49BC-4882-A365-FB0301462E54}.Debug|Any CPU.ActiveCfg = Debug|Any CPU
		{35B6E612-49BC-4882-A365-FB0301462E54}.Debug|Any CPU.Build.0 = Debug|Any CPU
		{35B6E612-49BC-4882-A365-FB0301462E54}.Release|Any CPU.ActiveCfg = Release|Any CPU
		{35B6E612-49BC-4882-A365-FB0301462E54}.Release|Any CPU.Build.0 = Release|Any CPU
		{61DBA2E4-9B0D-4B7D-B90C-AA61853FD17D}.Debug|Any CPU.ActiveCfg = Debug|Any CPU
		{61DBA2E4-9B0D-4B7D-B90C-AA61853FD17D}.Debug|Any CPU.Build.0 = Debug|Any CPU
		{61DBA2E4-9B0D-4B7D-B90C-AA61853FD17D}.Release|Any CPU.ActiveCfg = Release|Any CPU
		{61DBA2E4-9B0D-4B7D-B90C-AA61853FD17D}.Release|Any CPU.Build.0 = Release|Any CPU
		{48BE5214-1A6C-403A-9D32-A12B5559B7F2}.Debug|Any CPU.ActiveCfg = Debug|Any CPU
		{48BE5214-1A6C-403A-9D32-A12B5559B7F2}.Debug|Any CPU.Build.0 = Debug|Any CPU
		{48BE5214-1A6C-403A-9D32-A12B5559B7F2}.Release|Any CPU.ActiveCfg = Release|Any CPU
		{48BE5214-1A6C-403A-9D32-A12B5559B7F2}.Release|Any CPU.Build.0 = Release|Any CPU
		{A3113857-79D8-440C-84A7-5ABCF3A24D57}.Debug|Any CPU.ActiveCfg = Debug|Any CPU
		{A3113857-79D8-440C-84A7-5ABCF3A24D57}.Debug|Any CPU.Build.0 = Debug|Any CPU
		{A3113857-79D8-440C-84A7-5ABCF3A24D57}.Release|Any CPU.ActiveCfg = Release|Any CPU
		{A3113857-79D8-440C-84A7-5ABCF3A24D57}.Release|Any CPU.Build.0 = Release|Any CPU
		{89CFBABF-3334-4AC9-8F87-2F2460D68BBB}.Debug|Any CPU.ActiveCfg = Debug|Any CPU
		{89CFBABF-3334-4AC9-8F87-2F2460D68BBB}.Debug|Any CPU.Build.0 = Debug|Any CPU
		{89CFBABF-3334-4AC9-8F87-2F2460D68BBB}.Release|Any CPU.ActiveCfg = Release|Any CPU
		{89CFBABF-3334-4AC9-8F87-2F2460D68BBB}.Release|Any CPU.Build.0 = Release|Any CPU
		{277248FF-7C14-411F-BC08-4DDB1B4C2B92}.Debug|Any CPU.ActiveCfg = Debug|Any CPU
		{277248FF-7C14-411F-BC08-4DDB1B4C2B92}.Debug|Any CPU.Build.0 = Debug|Any CPU
		{277248FF-7C14-411F-BC08-4DDB1B4C2B92}.Release|Any CPU.ActiveCfg = Release|Any CPU
		{277248FF-7C14-411F-BC08-4DDB1B4C2B92}.Release|Any CPU.Build.0 = Release|Any CPU
	EndGlobalSection
	GlobalSection(SolutionProperties) = preSolution
		HideSolutionNode = FALSE
	EndGlobalSection
	GlobalSection(ExtensibilityGlobals) = postSolution
		        SolutionGuid = {617e7bf0-2774-4d60-9aa4-9f0fd561c793}
		SolutionGuid = {6DDC79DF-CD1F-4D8A-B003-542DCBBA78C9}
	EndGlobalSection
EndGlobal
